// !$*UTF8*$!
{
	archiveVersion = 1;
	classes = {
	};
	objectVersion = 56;
	objects = {

/* Begin PBXBuildFile section */
		C3EA84F02C4FA493009C55C0 /* AppDelegate.swift in Sources */ = {isa = PBXBuildFile; fileRef = C3EA84EF2C4FA493009C55C0 /* AppDelegate.swift */; };
		C3EA84F22C4FA493009C55C0 /* SceneDelegate.swift in Sources */ = {isa = PBXBuildFile; fileRef = C3EA84F12C4FA493009C55C0 /* SceneDelegate.swift */; };
		C3EA84F42C4FA493009C55C0 /* ViewController.swift in Sources */ = {isa = PBXBuildFile; fileRef = C3EA84F32C4FA493009C55C0 /* ViewController.swift */; };
		C3EA84F72C4FA493009C55C0 /* Main.storyboard in Resources */ = {isa = PBXBuildFile; fileRef = C3EA84F52C4FA493009C55C0 /* Main.storyboard */; };
		C3EA84F92C4FA495009C55C0 /* Assets.xcassets in Resources */ = {isa = PBXBuildFile; fileRef = C3EA84F82C4FA495009C55C0 /* Assets.xcassets */; };
		C3EA84FC2C4FA495009C55C0 /* LaunchScreen.storyboard in Resources */ = {isa = PBXBuildFile; fileRef = C3EA84FA2C4FA495009C55C0 /* LaunchScreen.storyboard */; };
		C3EA85072C4FA495009C55C0 /* DooKitTests.swift in Sources */ = {isa = PBXBuildFile; fileRef = C3EA85062C4FA495009C55C0 /* DooKitTests.swift */; };
		C3EA85112C4FA495009C55C0 /* DooKitUITests.swift in Sources */ = {isa = PBXBuildFile; fileRef = C3EA85102C4FA495009C55C0 /* DooKitUITests.swift */; };
		C3EA85132C4FA495009C55C0 /* DooKitUITestsLaunchTests.swift in Sources */ = {isa = PBXBuildFile; fileRef = C3EA85122C4FA495009C55C0 /* DooKitUITestsLaunchTests.swift */; };
/* End PBXBuildFile section */

/* Begin PBXContainerItemProxy section */
		C3EA85032C4FA495009C55C0 /* PBXContainerItemProxy */ = {
			isa = PBXContainerItemProxy;
			containerPortal = C3EA84E42C4FA493009C55C0 /* Project object */;
			proxyType = 1;
			remoteGlobalIDString = C3EA84EB2C4FA493009C55C0;
			remoteInfo = DooKit;
		};
		C3EA850D2C4FA495009C55C0 /* PBXContainerItemProxy */ = {
			isa = PBXContainerItemProxy;
			containerPortal = C3EA84E42C4FA493009C55C0 /* Project object */;
			proxyType = 1;
			remoteGlobalIDString = C3EA84EB2C4FA493009C55C0;
			remoteInfo = DooKit;
		};
/* End PBXContainerItemProxy section */

/* Begin PBXFileReference section */
		C3EA84EC2C4FA493009C55C0 /* DooKit.app */ = {isa = PBXFileReference; explicitFileType = wrapper.application; includeInIndex = 0; path = DooKit.app; sourceTree = BUILT_PRODUCTS_DIR; };
		C3EA84EF2C4FA493009C55C0 /* AppDelegate.swift */ = {isa = PBXFileReference; lastKnownFileType = sourcecode.swift; path = AppDelegate.swift; sourceTree = "<group>"; };
		C3EA84F12C4FA493009C55C0 /* SceneDelegate.swift */ = {isa = PBXFileReference; lastKnownFileType = sourcecode.swift; path = SceneDelegate.swift; sourceTree = "<group>"; };
		C3EA84F32C4FA493009C55C0 /* ViewController.swift */ = {isa = PBXFileReference; lastKnownFileType = sourcecode.swift; path = ViewController.swift; sourceTree = "<group>"; };
		C3EA84F62C4FA493009C55C0 /* Base */ = {isa = PBXFileReference; lastKnownFileType = file.storyboard; name = Base; path = Base.lproj/Main.storyboard; sourceTree = "<group>"; };
		C3EA84F82C4FA495009C55C0 /* Assets.xcassets */ = {isa = PBXFileReference; lastKnownFileType = folder.assetcatalog; path = Assets.xcassets; sourceTree = "<group>"; };
		C3EA84FB2C4FA495009C55C0 /* Base */ = {isa = PBXFileReference; lastKnownFileType = file.storyboard; name = Base; path = Base.lproj/LaunchScreen.storyboard; sourceTree = "<group>"; };
		C3EA84FD2C4FA495009C55C0 /* Info.plist */ = {isa = PBXFileReference; lastKnownFileType = text.plist.xml; path = Info.plist; sourceTree = "<group>"; };
		C3EA85022C4FA495009C55C0 /* DooKitTests.xctest */ = {isa = PBXFileReference; explicitFileType = wrapper.cfbundle; includeInIndex = 0; path = DooKitTests.xctest; sourceTree = BUILT_PRODUCTS_DIR; };
		C3EA85062C4FA495009C55C0 /* DooKitTests.swift */ = {isa = PBXFileReference; lastKnownFileType = sourcecode.swift; path = DooKitTests.swift; sourceTree = "<group>"; };
		C3EA850C2C4FA495009C55C0 /* DooKitUITests.xctest */ = {isa = PBXFileReference; explicitFileType = wrapper.cfbundle; includeInIndex = 0; path = DooKitUITests.xctest; sourceTree = BUILT_PRODUCTS_DIR; };
		C3EA85102C4FA495009C55C0 /* DooKitUITests.swift */ = {isa = PBXFileReference; lastKnownFileType = sourcecode.swift; path = DooKitUITests.swift; sourceTree = "<group>"; };
		C3EA85122C4FA495009C55C0 /* DooKitUITestsLaunchTests.swift */ = {isa = PBXFileReference; lastKnownFileType = sourcecode.swift; path = DooKitUITestsLaunchTests.swift; sourceTree = "<group>"; };
/* End PBXFileReference section */

/* Begin PBXFrameworksBuildPhase section */
		C3EA84E92C4FA493009C55C0 /* Frameworks */ = {
			isa = PBXFrameworksBuildPhase;
			buildActionMask = 2147483647;
			files = (
			);
			runOnlyForDeploymentPostprocessing = 0;
		};
		C3EA84FF2C4FA495009C55C0 /* Frameworks */ = {
			isa = PBXFrameworksBuildPhase;
			buildActionMask = 2147483647;
			files = (
			);
			runOnlyForDeploymentPostprocessing = 0;
		};
		C3EA85092C4FA495009C55C0 /* Frameworks */ = {
			isa = PBXFrameworksBuildPhase;
			buildActionMask = 2147483647;
			files = (
			);
			runOnlyForDeploymentPostprocessing = 0;
		};
/* End PBXFrameworksBuildPhase section */

/* Begin PBXGroup section */
		C3EA84E32C4FA493009C55C0 = {
			isa = PBXGroup;
			children = (
				C3EA84EE2C4FA493009C55C0 /* DooKit */,
				C3EA85052C4FA495009C55C0 /* DooKitTests */,
				C3EA850F2C4FA495009C55C0 /* DooKitUITests */,
				C3EA84ED2C4FA493009C55C0 /* Products */,
			);
			sourceTree = "<group>";
		};
		C3EA84ED2C4FA493009C55C0 /* Products */ = {
			isa = PBXGroup;
			children = (
				C3EA84EC2C4FA493009C55C0 /* DooKit.app */,
				C3EA85022C4FA495009C55C0 /* DooKitTests.xctest */,
				C3EA850C2C4FA495009C55C0 /* DooKitUITests.xctest */,
			);
			name = Products;
			sourceTree = "<group>";
		};
		C3EA84EE2C4FA493009C55C0 /* DooKit */ = {
			isa = PBXGroup;
			children = (
				C3EA84EF2C4FA493009C55C0 /* AppDelegate.swift */,
				C3EA84F12C4FA493009C55C0 /* SceneDelegate.swift */,
				C3EA84F32C4FA493009C55C0 /* ViewController.swift */,
				C3EA84F52C4FA493009C55C0 /* Main.storyboard */,
				C3EA84F82C4FA495009C55C0 /* Assets.xcassets */,
				C3EA84FA2C4FA495009C55C0 /* LaunchScreen.storyboard */,
				C3EA84FD2C4FA495009C55C0 /* Info.plist */,
			);
			path = DooKit;
			sourceTree = "<group>";
		};
		C3EA85052C4FA495009C55C0 /* DooKitTests */ = {
			isa = PBXGroup;
			children = (
				C3EA85062C4FA495009C55C0 /* DooKitTests.swift */,
			);
			path = DooKitTests;
			sourceTree = "<group>";
		};
		C3EA850F2C4FA495009C55C0 /* DooKitUITests */ = {
			isa = PBXGroup;
			children = (
				C3EA85102C4FA495009C55C0 /* DooKitUITests.swift */,
				C3EA85122C4FA495009C55C0 /* DooKitUITestsLaunchTests.swift */,
			);
			path = DooKitUITests;
			sourceTree = "<group>";
		};
/* End PBXGroup section */

/* Begin PBXNativeTarget section */
		C3EA84EB2C4FA493009C55C0 /* DooKit */ = {
			isa = PBXNativeTarget;
			buildConfigurationList = C3EA85162C4FA495009C55C0 /* Build configuration list for PBXNativeTarget "DooKit" */;
			buildPhases = (
				C3EA84E82C4FA493009C55C0 /* Sources */,
				C3EA84E92C4FA493009C55C0 /* Frameworks */,
				C3EA84EA2C4FA493009C55C0 /* Resources */,
			);
			buildRules = (
			);
			dependencies = (
			);
			name = DooKit;
			productName = DooKit;
			productReference = C3EA84EC2C4FA493009C55C0 /* DooKit.app */;
			productType = "com.apple.product-type.application";
		};
		C3EA85012C4FA495009C55C0 /* DooKitTests */ = {
			isa = PBXNativeTarget;
			buildConfigurationList = C3EA85192C4FA495009C55C0 /* Build configuration list for PBXNativeTarget "DooKitTests" */;
			buildPhases = (
				C3EA84FE2C4FA495009C55C0 /* Sources */,
				C3EA84FF2C4FA495009C55C0 /* Frameworks */,
				C3EA85002C4FA495009C55C0 /* Resources */,
			);
			buildRules = (
			);
			dependencies = (
				C3EA85042C4FA495009C55C0 /* PBXTargetDependency */,
			);
			name = DooKitTests;
			productName = DooKitTests;
			productReference = C3EA85022C4FA495009C55C0 /* DooKitTests.xctest */;
			productType = "com.apple.product-type.bundle.unit-test";
		};
		C3EA850B2C4FA495009C55C0 /* DooKitUITests */ = {
			isa = PBXNativeTarget;
			buildConfigurationList = C3EA851C2C4FA495009C55C0 /* Build configuration list for PBXNativeTarget "DooKitUITests" */;
			buildPhases = (
				C3EA85082C4FA495009C55C0 /* Sources */,
				C3EA85092C4FA495009C55C0 /* Frameworks */,
				C3EA850A2C4FA495009C55C0 /* Resources */,
			);
			buildRules = (
			);
			dependencies = (
				C3EA850E2C4FA495009C55C0 /* PBXTargetDependency */,
			);
			name = DooKitUITests;
			productName = DooKitUITests;
			productReference = C3EA850C2C4FA495009C55C0 /* DooKitUITests.xctest */;
			productType = "com.apple.product-type.bundle.ui-testing";
		};
/* End PBXNativeTarget section */

/* Begin PBXProject section */
		C3EA84E42C4FA493009C55C0 /* Project object */ = {
			isa = PBXProject;
			attributes = {
				BuildIndependentTargetsInParallel = 1;
				LastSwiftUpdateCheck = 1520;
				LastUpgradeCheck = 1520;
				TargetAttributes = {
					C3EA84EB2C4FA493009C55C0 = {
						CreatedOnToolsVersion = 15.2;
					};
					C3EA85012C4FA495009C55C0 = {
						CreatedOnToolsVersion = 15.2;
						TestTargetID = C3EA84EB2C4FA493009C55C0;
					};
					C3EA850B2C4FA495009C55C0 = {
						CreatedOnToolsVersion = 15.2;
						TestTargetID = C3EA84EB2C4FA493009C55C0;
					};
				};
			};
			buildConfigurationList = C3EA84E72C4FA493009C55C0 /* Build configuration list for PBXProject "DooKit" */;
			compatibilityVersion = "Xcode 14.0";
			developmentRegion = en;
			hasScannedForEncodings = 0;
			knownRegions = (
				en,
				Base,
			);
			mainGroup = C3EA84E32C4FA493009C55C0;
			productRefGroup = C3EA84ED2C4FA493009C55C0 /* Products */;
			projectDirPath = "";
			projectRoot = "";
			targets = (
				C3EA84EB2C4FA493009C55C0 /* DooKit */,
				C3EA85012C4FA495009C55C0 /* DooKitTests */,
				C3EA850B2C4FA495009C55C0 /* DooKitUITests */,
			);
		};
/* End PBXProject section */

/* Begin PBXResourcesBuildPhase section */
		C3EA84EA2C4FA493009C55C0 /* Resources */ = {
			isa = PBXResourcesBuildPhase;
			buildActionMask = 2147483647;
			files = (
				C3EA84FC2C4FA495009C55C0 /* LaunchScreen.storyboard in Resources */,
				C3EA84F92C4FA495009C55C0 /* Assets.xcassets in Resources */,
				C3EA84F72C4FA493009C55C0 /* Main.storyboard in Resources */,
			);
			runOnlyForDeploymentPostprocessing = 0;
		};
		C3EA85002C4FA495009C55C0 /* Resources */ = {
			isa = PBXResourcesBuildPhase;
			buildActionMask = 2147483647;
			files = (
			);
			runOnlyForDeploymentPostprocessing = 0;
		};
		C3EA850A2C4FA495009C55C0 /* Resources */ = {
			isa = PBXResourcesBuildPhase;
			buildActionMask = 2147483647;
			files = (
			);
			runOnlyForDeploymentPostprocessing = 0;
		};
/* End PBXResourcesBuildPhase section */

/* Begin PBXSourcesBuildPhase section */
		C3EA84E82C4FA493009C55C0 /* Sources */ = {
			isa = PBXSourcesBuildPhase;
			buildActionMask = 2147483647;
			files = (
				C3EA84F42C4FA493009C55C0 /* ViewController.swift in Sources */,
				C3EA84F02C4FA493009C55C0 /* AppDelegate.swift in Sources */,
				C3EA84F22C4FA493009C55C0 /* SceneDelegate.swift in Sources */,
			);
			runOnlyForDeploymentPostprocessing = 0;
		};
		C3EA84FE2C4FA495009C55C0 /* Sources */ = {
			isa = PBXSourcesBuildPhase;
			buildActionMask = 2147483647;
			files = (
				C3EA85072C4FA495009C55C0 /* DooKitTests.swift in Sources */,
			);
			runOnlyForDeploymentPostprocessing = 0;
		};
		C3EA85082C4FA495009C55C0 /* Sources */ = {
			isa = PBXSourcesBuildPhase;
			buildActionMask = 2147483647;
			files = (
				C3EA85132C4FA495009C55C0 /* DooKitUITestsLaunchTests.swift in Sources */,
				C3EA85112C4FA495009C55C0 /* DooKitUITests.swift in Sources */,
			);
			runOnlyForDeploymentPostprocessing = 0;
		};
/* End PBXSourcesBuildPhase section */

/* Begin PBXTargetDependency section */
		C3EA85042C4FA495009C55C0 /* PBXTargetDependency */ = {
			isa = PBXTargetDependency;
			target = C3EA84EB2C4FA493009C55C0 /* DooKit */;
			targetProxy = C3EA85032C4FA495009C55C0 /* PBXContainerItemProxy */;
		};
		C3EA850E2C4FA495009C55C0 /* PBXTargetDependency */ = {
			isa = PBXTargetDependency;
			target = C3EA84EB2C4FA493009C55C0 /* DooKit */;
			targetProxy = C3EA850D2C4FA495009C55C0 /* PBXContainerItemProxy */;
		};
/* End PBXTargetDependency section */

/* Begin PBXVariantGroup section */
		C3EA84F52C4FA493009C55C0 /* Main.storyboard */ = {
			isa = PBXVariantGroup;
			children = (
				C3EA84F62C4FA493009C55C0 /* Base */,
			);
			name = Main.storyboard;
			sourceTree = "<group>";
		};
		C3EA84FA2C4FA495009C55C0 /* LaunchScreen.storyboard */ = {
			isa = PBXVariantGroup;
			children = (
				C3EA84FB2C4FA495009C55C0 /* Base */,
			);
			name = LaunchScreen.storyboard;
			sourceTree = "<group>";
		};
/* End PBXVariantGroup section */

/* Begin XCBuildConfiguration section */
		C3EA85142C4FA495009C55C0 /* Debug */ = {
			isa = XCBuildConfiguration;
			buildSettings = {
				ALWAYS_SEARCH_USER_PATHS = NO;
				ASSETCATALOG_COMPILER_GENERATE_SWIFT_ASSET_SYMBOL_EXTENSIONS = YES;
				CLANG_ANALYZER_NONNULL = YES;
				CLANG_ANALYZER_NUMBER_OBJECT_CONVERSION = YES_AGGRESSIVE;
				CLANG_CXX_LANGUAGE_STANDARD = "gnu++20";
				CLANG_ENABLE_MODULES = YES;
				CLANG_ENABLE_OBJC_ARC = YES;
				CLANG_ENABLE_OBJC_WEAK = YES;
				CLANG_WARN_BLOCK_CAPTURE_AUTORELEASING = YES;
				CLANG_WARN_BOOL_CONVERSION = YES;
				CLANG_WARN_COMMA = YES;
				CLANG_WARN_CONSTANT_CONVERSION = YES;
				CLANG_WARN_DEPRECATED_OBJC_IMPLEMENTATIONS = YES;
				CLANG_WARN_DIRECT_OBJC_ISA_USAGE = YES_ERROR;
				CLANG_WARN_DOCUMENTATION_COMMENTS = YES;
				CLANG_WARN_EMPTY_BODY = YES;
				CLANG_WARN_ENUM_CONVERSION = YES;
				CLANG_WARN_INFINITE_RECURSION = YES;
				CLANG_WARN_INT_CONVERSION = YES;
				CLANG_WARN_NON_LITERAL_NULL_CONVERSION = YES;
				CLANG_WARN_OBJC_IMPLICIT_RETAIN_SELF = YES;
				CLANG_WARN_OBJC_LITERAL_CONVERSION = YES;
				CLANG_WARN_OBJC_ROOT_CLASS = YES_ERROR;
				CLANG_WARN_QUOTED_INCLUDE_IN_FRAMEWORK_HEADER = YES;
				CLANG_WARN_RANGE_LOOP_ANALYSIS = YES;
				CLANG_WARN_STRICT_PROTOTYPES = YES;
				CLANG_WARN_SUSPICIOUS_MOVE = YES;
				CLANG_WARN_UNGUARDED_AVAILABILITY = YES_AGGRESSIVE;
				CLANG_WARN_UNREACHABLE_CODE = YES;
				CLANG_WARN__DUPLICATE_METHOD_MATCH = YES;
				COPY_PHASE_STRIP = NO;
				DEBUG_INFORMATION_FORMAT = dwarf;
				ENABLE_STRICT_OBJC_MSGSEND = YES;
				ENABLE_TESTABILITY = YES;
				ENABLE_USER_SCRIPT_SANDBOXING = YES;
				GCC_C_LANGUAGE_STANDARD = gnu17;
				GCC_DYNAMIC_NO_PIC = NO;
				GCC_NO_COMMON_BLOCKS = YES;
				GCC_OPTIMIZATION_LEVEL = 0;
				GCC_PREPROCESSOR_DEFINITIONS = (
					"DEBUG=1",
					"$(inherited)",
				);
				GCC_WARN_64_TO_32_BIT_CONVERSION = YES;
				GCC_WARN_ABOUT_RETURN_TYPE = YES_ERROR;
				GCC_WARN_UNDECLARED_SELECTOR = YES;
				GCC_WARN_UNINITIALIZED_AUTOS = YES_AGGRESSIVE;
				GCC_WARN_UNUSED_FUNCTION = YES;
				GCC_WARN_UNUSED_VARIABLE = YES;
				IPHONEOS_DEPLOYMENT_TARGET = 17.2;
				LOCALIZATION_PREFERS_STRING_CATALOGS = YES;
				MTL_ENABLE_DEBUG_INFO = INCLUDE_SOURCE;
				MTL_FAST_MATH = YES;
				ONLY_ACTIVE_ARCH = YES;
				SDKROOT = iphoneos;
				SWIFT_ACTIVE_COMPILATION_CONDITIONS = "DEBUG $(inherited)";
				SWIFT_OPTIMIZATION_LEVEL = "-Onone";
			};
			name = Debug;
		};
		C3EA85152C4FA495009C55C0 /* Release */ = {
			isa = XCBuildConfiguration;
			buildSettings = {
				ALWAYS_SEARCH_USER_PATHS = NO;
				ASSETCATALOG_COMPILER_GENERATE_SWIFT_ASSET_SYMBOL_EXTENSIONS = YES;
				CLANG_ANALYZER_NONNULL = YES;
				CLANG_ANALYZER_NUMBER_OBJECT_CONVERSION = YES_AGGRESSIVE;
				CLANG_CXX_LANGUAGE_STANDARD = "gnu++20";
				CLANG_ENABLE_MODULES = YES;
				CLANG_ENABLE_OBJC_ARC = YES;
				CLANG_ENABLE_OBJC_WEAK = YES;
				CLANG_WARN_BLOCK_CAPTURE_AUTORELEASING = YES;
				CLANG_WARN_BOOL_CONVERSION = YES;
				CLANG_WARN_COMMA = YES;
				CLANG_WARN_CONSTANT_CONVERSION = YES;
				CLANG_WARN_DEPRECATED_OBJC_IMPLEMENTATIONS = YES;
				CLANG_WARN_DIRECT_OBJC_ISA_USAGE = YES_ERROR;
				CLANG_WARN_DOCUMENTATION_COMMENTS = YES;
				CLANG_WARN_EMPTY_BODY = YES;
				CLANG_WARN_ENUM_CONVERSION = YES;
				CLANG_WARN_INFINITE_RECURSION = YES;
				CLANG_WARN_INT_CONVERSION = YES;
				CLANG_WARN_NON_LITERAL_NULL_CONVERSION = YES;
				CLANG_WARN_OBJC_IMPLICIT_RETAIN_SELF = YES;
				CLANG_WARN_OBJC_LITERAL_CONVERSION = YES;
				CLANG_WARN_OBJC_ROOT_CLASS = YES_ERROR;
				CLANG_WARN_QUOTED_INCLUDE_IN_FRAMEWORK_HEADER = YES;
				CLANG_WARN_RANGE_LOOP_ANALYSIS = YES;
				CLANG_WARN_STRICT_PROTOTYPES = YES;
				CLANG_WARN_SUSPICIOUS_MOVE = YES;
				CLANG_WARN_UNGUARDED_AVAILABILITY = YES_AGGRESSIVE;
				CLANG_WARN_UNREACHABLE_CODE = YES;
				CLANG_WARN__DUPLICATE_METHOD_MATCH = YES;
				COPY_PHASE_STRIP = NO;
				DEBUG_INFORMATION_FORMAT = "dwarf-with-dsym";
				ENABLE_NS_ASSERTIONS = NO;
				ENABLE_STRICT_OBJC_MSGSEND = YES;
				ENABLE_USER_SCRIPT_SANDBOXING = YES;
				GCC_C_LANGUAGE_STANDARD = gnu17;
				GCC_NO_COMMON_BLOCKS = YES;
				GCC_WARN_64_TO_32_BIT_CONVERSION = YES;
				GCC_WARN_ABOUT_RETURN_TYPE = YES_ERROR;
				GCC_WARN_UNDECLARED_SELECTOR = YES;
				GCC_WARN_UNINITIALIZED_AUTOS = YES_AGGRESSIVE;
				GCC_WARN_UNUSED_FUNCTION = YES;
				GCC_WARN_UNUSED_VARIABLE = YES;
				IPHONEOS_DEPLOYMENT_TARGET = 17.2;
				LOCALIZATION_PREFERS_STRING_CATALOGS = YES;
				MTL_ENABLE_DEBUG_INFO = NO;
				MTL_FAST_MATH = YES;
				SDKROOT = iphoneos;
				SWIFT_COMPILATION_MODE = wholemodule;
				VALIDATE_PRODUCT = YES;
			};
			name = Release;
		};
		C3EA85172C4FA495009C55C0 /* Debug */ = {
			isa = XCBuildConfiguration;
			buildSettings = {
				ASSETCATALOG_COMPILER_APPICON_NAME = AppIcon;
				ASSETCATALOG_COMPILER_GLOBAL_ACCENT_COLOR_NAME = AccentColor;
				CODE_SIGN_STYLE = Automatic;
				CURRENT_PROJECT_VERSION = 1;
				GENERATE_INFOPLIST_FILE = YES;
				INFOPLIST_FILE = DooKit/Info.plist;
				INFOPLIST_KEY_UIApplicationSupportsIndirectInputEvents = YES;
				INFOPLIST_KEY_UILaunchStoryboardName = LaunchScreen;
				INFOPLIST_KEY_UIMainStoryboardFile = Main;
				INFOPLIST_KEY_UISupportedInterfaceOrientations_iPad = "UIInterfaceOrientationPortrait UIInterfaceOrientationPortraitUpsideDown UIInterfaceOrientationLandscapeLeft UIInterfaceOrientationLandscapeRight";
				INFOPLIST_KEY_UISupportedInterfaceOrientations_iPhone = "UIInterfaceOrientationPortrait UIInterfaceOrientationLandscapeLeft UIInterfaceOrientationLandscapeRight";
				LD_RUNPATH_SEARCH_PATHS = (
					"$(inherited)",
					"@executable_path/Frameworks",
				);
				MARKETING_VERSION = 1.0;
				PRODUCT_BUNDLE_IDENTIFIER = com.alibaba.DooKit;
				PRODUCT_NAME = "$(TARGET_NAME)";
				SWIFT_EMIT_LOC_STRINGS = YES;
				SWIFT_VERSION = 5.0;
				TARGETED_DEVICE_FAMILY = "1,2";
			};
			name = Debug;
		};
		C3EA85182C4FA495009C55C0 /* Release */ = {
			isa = XCBuildConfiguration;
			buildSettings = {
				ASSETCATALOG_COMPILER_APPICON_NAME = AppIcon;
				ASSETCATALOG_COMPILER_GLOBAL_ACCENT_COLOR_NAME = AccentColor;
				CODE_SIGN_STYLE = Automatic;
				CURRENT_PROJECT_VERSION = 1;
				GENERATE_INFOPLIST_FILE = YES;
				INFOPLIST_FILE = DooKit/Info.plist;
				INFOPLIST_KEY_UIApplicationSupportsIndirectInputEvents = YES;
				INFOPLIST_KEY_UILaunchStoryboardName = LaunchScreen;
				INFOPLIST_KEY_UIMainStoryboardFile = Main;
				INFOPLIST_KEY_UISupportedInterfaceOrientations_iPad = "UIInterfaceOrientationPortrait UIInterfaceOrientationPortraitUpsideDown UIInterfaceOrientationLandscapeLeft UIInterfaceOrientationLandscapeRight";
				INFOPLIST_KEY_UISupportedInterfaceOrientations_iPhone = "UIInterfaceOrientationPortrait UIInterfaceOrientationLandscapeLeft UIInterfaceOrientationLandscapeRight";
				LD_RUNPATH_SEARCH_PATHS = (
					"$(inherited)",
					"@executable_path/Frameworks",
				);
				MARKETING_VERSION = 1.0;
				PRODUCT_BUNDLE_IDENTIFIER = com.alibaba.DooKit;
				PRODUCT_NAME = "$(TARGET_NAME)";
				SWIFT_EMIT_LOC_STRINGS = YES;
				SWIFT_VERSION = 5.0;
				TARGETED_DEVICE_FAMILY = "1,2";
			};
			name = Release;
		};
		C3EA851A2C4FA495009C55C0 /* Debug */ = {
			isa = XCBuildConfiguration;
			buildSettings = {
				ALWAYS_EMBED_SWIFT_STANDARD_LIBRARIES = YES;
				BUNDLE_LOADER = "$(TEST_HOST)";
				CODE_SIGN_STYLE = Automatic;
				CURRENT_PROJECT_VERSION = 1;
				GENERATE_INFOPLIST_FILE = YES;
				IPHONEOS_DEPLOYMENT_TARGET = 17.2;
				MARKETING_VERSION = 1.0;
				PRODUCT_BUNDLE_IDENTIFIER = com.alibaba.DooKitTests;
				PRODUCT_NAME = "$(TARGET_NAME)";
				SWIFT_EMIT_LOC_STRINGS = NO;
				SWIFT_VERSION = 5.0;
				TARGETED_DEVICE_FAMILY = "1,2";
				TEST_HOST = "$(BUILT_PRODUCTS_DIR)/DooKit.app/$(BUNDLE_EXECUTABLE_FOLDER_PATH)/DooKit";
			};
			name = Debug;
		};
		C3EA851B2C4FA495009C55C0 /* Release */ = {
			isa = XCBuildConfiguration;
			buildSettings = {
				ALWAYS_EMBED_SWIFT_STANDARD_LIBRARIES = YES;
				BUNDLE_LOADER = "$(TEST_HOST)";
				CODE_SIGN_STYLE = Automatic;
				CURRENT_PROJECT_VERSION = 1;
				GENERATE_INFOPLIST_FILE = YES;
				IPHONEOS_DEPLOYMENT_TARGET = 17.2;
				MARKETING_VERSION = 1.0;
				PRODUCT_BUNDLE_IDENTIFIER = com.alibaba.DooKitTests;
				PRODUCT_NAME = "$(TARGET_NAME)";
				SWIFT_EMIT_LOC_STRINGS = NO;
				SWIFT_VERSION = 5.0;
				TARGETED_DEVICE_FAMILY = "1,2";
				TEST_HOST = "$(BUILT_PRODUCTS_DIR)/DooKit.app/$(BUNDLE_EXECUTABLE_FOLDER_PATH)/DooKit";
			};
			name = Release;
		};
		C3EA851D2C4FA495009C55C0 /* Debug */ = {
			isa = XCBuildConfiguration;
			buildSettings = {
				ALWAYS_EMBED_SWIFT_STANDARD_LIBRARIES = YES;
				CODE_SIGN_STYLE = Automatic;
				CURRENT_PROJECT_VERSION = 1;
				GENERATE_INFOPLIST_FILE = YES;
				MARKETING_VERSION = 1.0;
				PRODUCT_BUNDLE_IDENTIFIER = com.alibaba.DooKitUITests;
				PRODUCT_NAME = "$(TARGET_NAME)";
				SWIFT_EMIT_LOC_STRINGS = NO;
				SWIFT_VERSION = 5.0;
				TARGETED_DEVICE_FAMILY = "1,2";
				TEST_TARGET_NAME = DooKit;
			};
			name = Debug;
		};
		C3EA851E2C4FA495009C55C0 /* Release */ = {
			isa = XCBuildConfiguration;
			buildSettings = {
				ALWAYS_EMBED_SWIFT_STANDARD_LIBRARIES = YES;
				CODE_SIGN_STYLE = Automatic;
				CURRENT_PROJECT_VERSION = 1;
				GENERATE_INFOPLIST_FILE = YES;
				MARKETING_VERSION = 1.0;
				PRODUCT_BUNDLE_IDENTIFIER = com.alibaba.DooKitUITests;
				PRODUCT_NAME = "$(TARGET_NAME)";
				SWIFT_EMIT_LOC_STRINGS = NO;
				SWIFT_VERSION = 5.0;
				TARGETED_DEVICE_FAMILY = "1,2";
				TEST_TARGET_NAME = DooKit;
			};
			name = Release;
		};
/* End XCBuildConfiguration section */

/* Begin XCConfigurationList section */
		C3EA84E72C4FA493009C55C0 /* Build configuration list for PBXProject "DooKit" */ = {
			isa = XCConfigurationList;
			buildConfigurations = (
				C3EA85142C4FA495009C55C0 /* Debug */,
				C3EA85152C4FA495009C55C0 /* Release */,
			);
			defaultConfigurationIsVisible = 0;
			defaultConfigurationName = Release;
		};
		C3EA85162C4FA495009C55C0 /* Build configuration list for PBXNativeTarget "DooKit" */ = {
			isa = XCConfigurationList;
			buildConfigurations = (
				C3EA85172C4FA495009C55C0 /* Debug */,
				C3EA85182C4FA495009C55C0 /* Release */,
			);
			defaultConfigurationIsVisible = 0;
			defaultConfigurationName = Release;
		};
		C3EA85192C4FA495009C55C0 /* Build configuration list for PBXNativeTarget "DooKitTests" */ = {
			isa = XCConfigurationList;
			buildConfigurations = (
				C3EA851A2C4FA495009C55C0 /* Debug */,
				C3EA851B2C4FA495009C55C0 /* Release */,
			);
			defaultConfigurationIsVisible = 0;
			defaultConfigurationName = Release;
		};
		C3EA851C2C4FA495009C55C0 /* Build configuration list for PBXNativeTarget "DooKitUITests" */ = {
			isa = XCConfigurationList;
			buildConfigurations = (
				C3EA851D2C4FA495009C55C0 /* Debug */,
				C3EA851E2C4FA495009C55C0 /* Release */,
			);
			defaultConfigurationIsVisible = 0;
			defaultConfigurationName = Release;
		};
/* End XCConfigurationList section */
	};
	rootObject = C3EA84E42C4FA493009C55C0 /* Project object */;
}
